// !$*UTF8*$!
{
	archiveVersion = 1;
	classes = {
	};
	objectVersion = 50;
	objects = {

/* Begin PBXBuildFile section */
		18B1A5CC209D3D65006AA68A /* AppDelegate.swift in Sources */ = {isa = PBXBuildFile; fileRef = 18B1A5CB209D3D65006AA68A /* AppDelegate.swift */; };
		18B1A5CE209D3D65006AA68A /* ViewController.swift in Sources */ = {isa = PBXBuildFile; fileRef = 18B1A5CD209D3D65006AA68A /* ViewController.swift */; };
		18B1A5D1209D3D65006AA68A /* Main.storyboard in Resources */ = {isa = PBXBuildFile; fileRef = 18B1A5CF209D3D65006AA68A /* Main.storyboard */; };
		18B1A5D3209D3D66006AA68A /* Assets.xcassets in Resources */ = {isa = PBXBuildFile; fileRef = 18B1A5D2209D3D66006AA68A /* Assets.xcassets */; };
		18B1A5D6209D3D66006AA68A /* LaunchScreen.storyboard in Resources */ = {isa = PBXBuildFile; fileRef = 18B1A5D4209D3D66006AA68A /* LaunchScreen.storyboard */; };
		18B1A5E1209D3D66006AA68A /* _____Tests.swift in Sources */ = {isa = PBXBuildFile; fileRef = 18B1A5E0209D3D66006AA68A /* _____Tests.swift */; };
		18B1A5EC209D3D66006AA68A /* _____UITests.swift in Sources */ = {isa = PBXBuildFile; fileRef = 18B1A5EB209D3D66006AA68A /* _____UITests.swift */; };
/* End PBXBuildFile section */

/* Begin PBXContainerItemProxy section */
		18B1A5DD209D3D66006AA68A /* PBXContainerItemProxy */ = {
			isa = PBXContainerItemProxy;
			containerPortal = 18B1A5C0209D3D65006AA68A /* Project object */;
			proxyType = 1;
			remoteGlobalIDString = 18B1A5C7209D3D65006AA68A;
			remoteInfo = "我的电子书";
		};
		18B1A5E8209D3D66006AA68A /* PBXContainerItemProxy */ = {
			isa = PBXContainerItemProxy;
			containerPortal = 18B1A5C0209D3D65006AA68A /* Project object */;
			proxyType = 1;
			remoteGlobalIDString = 18B1A5C7209D3D65006AA68A;
			remoteInfo = "我的电子书";
		};
/* End PBXContainerItemProxy section */

/* Begin PBXFileReference section */
		18B1A5C8209D3D65006AA68A /* 我的电子书.app */ = {isa = PBXFileReference; explicitFileType = wrapper.application; includeInIndex = 0; path = "我的电子书.app"; sourceTree = BUILT_PRODUCTS_DIR; };
		18B1A5CB209D3D65006AA68A /* AppDelegate.swift */ = {isa = PBXFileReference; lastKnownFileType = sourcecode.swift; path = AppDelegate.swift; sourceTree = "<group>"; };
		18B1A5CD209D3D65006AA68A /* ViewController.swift */ = {isa = PBXFileReference; lastKnownFileType = sourcecode.swift; path = ViewController.swift; sourceTree = "<group>"; };
		18B1A5D0209D3D65006AA68A /* Base */ = {isa = PBXFileReference; lastKnownFileType = file.storyboard; name = Base; path = Base.lproj/Main.storyboard; sourceTree = "<group>"; };
		18B1A5D2209D3D66006AA68A /* Assets.xcassets */ = {isa = PBXFileReference; lastKnownFileType = folder.assetcatalog; path = Assets.xcassets; sourceTree = "<group>"; };
		18B1A5D5209D3D66006AA68A /* Base */ = {isa = PBXFileReference; lastKnownFileType = file.storyboard; name = Base; path = Base.lproj/LaunchScreen.storyboard; sourceTree = "<group>"; };
		18B1A5D7209D3D66006AA68A /* Info.plist */ = {isa = PBXFileReference; lastKnownFileType = text.plist.xml; path = Info.plist; sourceTree = "<group>"; };
		18B1A5DC209D3D66006AA68A /* 我的电子书Tests.xctest */ = {isa = PBXFileReference; explicitFileType = wrapper.cfbundle; includeInIndex = 0; path = "我的电子书Tests.xctest"; sourceTree = BUILT_PRODUCTS_DIR; };
		18B1A5E0209D3D66006AA68A /* _____Tests.swift */ = {isa = PBXFileReference; lastKnownFileType = sourcecode.swift; path = "_____Tests.swift"; sourceTree = "<group>"; };
		18B1A5E2209D3D66006AA68A /* Info.plist */ = {isa = PBXFileReference; lastKnownFileType = text.plist.xml; path = Info.plist; sourceTree = "<group>"; };
		18B1A5E7209D3D66006AA68A /* 我的电子书UITests.xctest */ = {isa = PBXFileReference; explicitFileType = wrapper.cfbundle; includeInIndex = 0; path = "我的电子书UITests.xctest"; sourceTree = BUILT_PRODUCTS_DIR; };
		18B1A5EB209D3D66006AA68A /* _____UITests.swift */ = {isa = PBXFileReference; lastKnownFileType = sourcecode.swift; path = "_____UITests.swift"; sourceTree = "<group>"; };
		18B1A5ED209D3D66006AA68A /* Info.plist */ = {isa = PBXFileReference; lastKnownFileType = text.plist.xml; path = Info.plist; sourceTree = "<group>"; };
/* End PBXFileReference section */

/* Begin PBXFrameworksBuildPhase section */
		18B1A5C5209D3D65006AA68A /* Frameworks */ = {
			isa = PBXFrameworksBuildPhase;
			buildActionMask = 2147483647;
			files = (
			);
			runOnlyForDeploymentPostprocessing = 0;
		};
		18B1A5D9209D3D66006AA68A /* Frameworks */ = {
			isa = PBXFrameworksBuildPhase;
			buildActionMask = 2147483647;
			files = (
			);
			runOnlyForDeploymentPostprocessing = 0;
		};
		18B1A5E4209D3D66006AA68A /* Frameworks */ = {
			isa = PBXFrameworksBuildPhase;
			buildActionMask = 2147483647;
			files = (
			);
			runOnlyForDeploymentPostprocessing = 0;
		};
/* End PBXFrameworksBuildPhase section */

/* Begin PBXGroup section */
		18B1A5BF209D3D65006AA68A = {
			isa = PBXGroup;
			children = (
				18B1A5CA209D3D65006AA68A /* 我的电子书 */,
				18B1A5DF209D3D66006AA68A /* 我的电子书Tests */,
				18B1A5EA209D3D66006AA68A /* 我的电子书UITests */,
				18B1A5C9209D3D65006AA68A /* Products */,
			);
			sourceTree = "<group>";
		};
		18B1A5C9209D3D65006AA68A /* Products */ = {
			isa = PBXGroup;
			children = (
				18B1A5C8209D3D65006AA68A /* 我的电子书.app */,
				18B1A5DC209D3D66006AA68A /* 我的电子书Tests.xctest */,
				18B1A5E7209D3D66006AA68A /* 我的电子书UITests.xctest */,
			);
			name = Products;
			sourceTree = "<group>";
		};
		18B1A5CA209D3D65006AA68A /* 我的电子书 */ = {
			isa = PBXGroup;
			children = (
				18B1A5CB209D3D65006AA68A /* AppDelegate.swift */,
				18B1A5CD209D3D65006AA68A /* ViewController.swift */,
				18B1A5CF209D3D65006AA68A /* Main.storyboard */,
				18B1A5D2209D3D66006AA68A /* Assets.xcassets */,
				18B1A5D4209D3D66006AA68A /* LaunchScreen.storyboard */,
				18B1A5D7209D3D66006AA68A /* Info.plist */,
			);
			path = "我的电子书";
			sourceTree = "<group>";
		};
		18B1A5DF209D3D66006AA68A /* 我的电子书Tests */ = {
			isa = PBXGroup;
			children = (
				18B1A5E0209D3D66006AA68A /* _____Tests.swift */,
				18B1A5E2209D3D66006AA68A /* Info.plist */,
			);
			path = "我的电子书Tests";
			sourceTree = "<group>";
		};
		18B1A5EA209D3D66006AA68A /* 我的电子书UITests */ = {
			isa = PBXGroup;
			children = (
				18B1A5EB209D3D66006AA68A /* _____UITests.swift */,
				18B1A5ED209D3D66006AA68A /* Info.plist */,
			);
			path = "我的电子书UITests";
			sourceTree = "<group>";
		};
/* End PBXGroup section */

/* Begin PBXNativeTarget section */
		18B1A5C7209D3D65006AA68A /* 我的电子书 */ = {
			isa = PBXNativeTarget;
			buildConfigurationList = 18B1A5F0209D3D66006AA68A /* Build configuration list for PBXNativeTarget "我的电子书" */;
			buildPhases = (
				18B1A5C4209D3D65006AA68A /* Sources */,
				18B1A5C5209D3D65006AA68A /* Frameworks */,
				18B1A5C6209D3D65006AA68A /* Resources */,
			);
			buildRules = (
			);
			dependencies = (
			);
			name = "我的电子书";
			productName = "我的电子书";
			productReference = 18B1A5C8209D3D65006AA68A /* 我的电子书.app */;
			productType = "com.apple.product-type.application";
		};
		18B1A5DB209D3D66006AA68A /* 我的电子书Tests */ = {
			isa = PBXNativeTarget;
			buildConfigurationList = 18B1A5F3209D3D66006AA68A /* Build configuration list for PBXNativeTarget "我的电子书Tests" */;
			buildPhases = (
				18B1A5D8209D3D66006AA68A /* Sources */,
				18B1A5D9209D3D66006AA68A /* Frameworks */,
				18B1A5DA209D3D66006AA68A /* Resources */,
			);
			buildRules = (
			);
			dependencies = (
				18B1A5DE209D3D66006AA68A /* PBXTargetDependency */,
			);
			name = "我的电子书Tests";
			productName = "我的电子书Tests";
			productReference = 18B1A5DC209D3D66006AA68A /* 我的电子书Tests.xctest */;
			productType = "com.apple.product-type.bundle.unit-test";
		};
		18B1A5E6209D3D66006AA68A /* 我的电子书UITests */ = {
			isa = PBXNativeTarget;
			buildConfigurationList = 18B1A5F6209D3D66006AA68A /* Build configuration list for PBXNativeTarget "我的电子书UITests" */;
			buildPhases = (
				18B1A5E3209D3D66006AA68A /* Sources */,
				18B1A5E4209D3D66006AA68A /* Frameworks */,
				18B1A5E5209D3D66006AA68A /* Resources */,
			);
			buildRules = (
			);
			dependencies = (
				18B1A5E9209D3D66006AA68A /* PBXTargetDependency */,
			);
			name = "我的电子书UITests";
			productName = "我的电子书UITests";
			productReference = 18B1A5E7209D3D66006AA68A /* 我的电子书UITests.xctest */;
			productType = "com.apple.product-type.bundle.ui-testing";
		};
/* End PBXNativeTarget section */

/* Begin PBXProject section */
		18B1A5C0209D3D65006AA68A /* Project object */ = {
			isa = PBXProject;
			attributes = {
				LastSwiftUpdateCheck = 0930;
				LastUpgradeCheck = 0930;
				ORGANIZATIONNAME = "范文哲";
				TargetAttributes = {
					18B1A5C7209D3D65006AA68A = {
						CreatedOnToolsVersion = 9.3;
					};
					18B1A5DB209D3D66006AA68A = {
						CreatedOnToolsVersion = 9.3;
						TestTargetID = 18B1A5C7209D3D65006AA68A;
					};
					18B1A5E6209D3D66006AA68A = {
						CreatedOnToolsVersion = 9.3;
						TestTargetID = 18B1A5C7209D3D65006AA68A;
					};
				};
			};
			buildConfigurationList = 18B1A5C3209D3D65006AA68A /* Build configuration list for PBXProject "我的电子书" */;
			compatibilityVersion = "Xcode 9.3";
			developmentRegion = en;
			hasScannedForEncodings = 0;
			knownRegions = (
				en,
				Base,
			);
			mainGroup = 18B1A5BF209D3D65006AA68A;
			productRefGroup = 18B1A5C9209D3D65006AA68A /* Products */;
			projectDirPath = "";
			projectRoot = "";
			targets = (
				18B1A5C7209D3D65006AA68A /* 我的电子书 */,
				18B1A5DB209D3D66006AA68A /* 我的电子书Tests */,
				18B1A5E6209D3D66006AA68A /* 我的电子书UITests */,
			);
		};
/* End PBXProject section */

/* Begin PBXResourcesBuildPhase section */
		18B1A5C6209D3D65006AA68A /* Resources */ = {
			isa = PBXResourcesBuildPhase;
			buildActionMask = 2147483647;
			files = (
				18B1A5D6209D3D66006AA68A /* LaunchScreen.storyboard in Resources */,
				18B1A5D3209D3D66006AA68A /* Assets.xcassets in Resources */,
				18B1A5D1209D3D65006AA68A /* Main.storyboard in Resources */,
			);
			runOnlyForDeploymentPostprocessing = 0;
		};
		18B1A5DA209D3D66006AA68A /* Resources */ = {
			isa = PBXResourcesBuildPhase;
			buildActionMask = 2147483647;
			files = (
			);
			runOnlyForDeploymentPostprocessing = 0;
		};
		18B1A5E5209D3D66006AA68A /* Resources */ = {
			isa = PBXResourcesBuildPhase;
			buildActionMask = 2147483647;
			files = (
			);
			runOnlyForDeploymentPostprocessing = 0;
		};
/* End PBXResourcesBuildPhase section */

/* Begin PBXSourcesBuildPhase section */
		18B1A5C4209D3D65006AA68A /* Sources */ = {
			isa = PBXSourcesBuildPhase;
			buildActionMask = 2147483647;
			files = (
				18B1A5CE209D3D65006AA68A /* ViewController.swift in Sources */,
				18B1A5CC209D3D65006AA68A /* AppDelegate.swift in Sources */,
			);
			runOnlyForDeploymentPostprocessing = 0;
		};
		18B1A5D8209D3D66006AA68A /* Sources */ = {
			isa = PBXSourcesBuildPhase;
			buildActionMask = 2147483647;
			files = (
				18B1A5E1209D3D66006AA68A /* _____Tests.swift in Sources */,
			);
			runOnlyForDeploymentPostprocessing = 0;
		};
		18B1A5E3209D3D66006AA68A /* Sources */ = {
			isa = PBXSourcesBuildPhase;
			buildActionMask = 2147483647;
			files = (
				18B1A5EC209D3D66006AA68A /* _____UITests.swift in Sources */,
			);
			runOnlyForDeploymentPostprocessing = 0;
		};
/* End PBXSourcesBuildPhase section */

/* Begin PBXTargetDependency section */
		18B1A5DE209D3D66006AA68A /* PBXTargetDependency */ = {
			isa = PBXTargetDependency;
			target = 18B1A5C7209D3D65006AA68A /* 我的电子书 */;
			targetProxy = 18B1A5DD209D3D66006AA68A /* PBXContainerItemProxy */;
		};
		18B1A5E9209D3D66006AA68A /* PBXTargetDependency */ = {
			isa = PBXTargetDependency;
			target = 18B1A5C7209D3D65006AA68A /* 我的电子书 */;
			targetProxy = 18B1A5E8209D3D66006AA68A /* PBXContainerItemProxy */;
		};
/* End PBXTargetDependency section */

/* Begin PBXVariantGroup section */
		18B1A5CF209D3D65006AA68A /* Main.storyboard */ = {
			isa = PBXVariantGroup;
			children = (
				18B1A5D0209D3D65006AA68A /* Base */,
			);
			name = Main.storyboard;
			sourceTree = "<group>";
		};
		18B1A5D4209D3D66006AA68A /* LaunchScreen.storyboard */ = {
			isa = PBXVariantGroup;
			children = (
				18B1A5D5209D3D66006AA68A /* Base */,
			);
			name = LaunchScreen.storyboard;
			sourceTree = "<group>";
		};
/* End PBXVariantGroup section */

/* Begin XCBuildConfiguration section */
		18B1A5EE209D3D66006AA68A /* Debug */ = {
			isa = XCBuildConfiguration;
			buildSettings = {
				ALWAYS_SEARCH_USER_PATHS = NO;
				CLANG_ANALYZER_NONNULL = YES;
				CLANG_ANALYZER_NUMBER_OBJECT_CONVERSION = YES_AGGRESSIVE;
				CLANG_CXX_LANGUAGE_STANDARD = "gnu++14";
				CLANG_CXX_LIBRARY = "libc++";
				CLANG_ENABLE_MODULES = YES;
				CLANG_ENABLE_OBJC_ARC = YES;
				CLANG_ENABLE_OBJC_WEAK = YES;
				CLANG_WARN_BLOCK_CAPTURE_AUTORELEASING = YES;
				CLANG_WARN_BOOL_CONVERSION = YES;
				CLANG_WARN_COMMA = YES;
				CLANG_WARN_CONSTANT_CONVERSION = YES;
				CLANG_WARN_DEPRECATED_OBJC_IMPLEMENTATIONS = YES;
				CLANG_WARN_DIRECT_OBJC_ISA_USAGE = YES_ERROR;
				CLANG_WARN_DOCUMENTATION_COMMENTS = YES;
				CLANG_WARN_EMPTY_BODY = YES;
				CLANG_WARN_ENUM_CONVERSION = YES;
				CLANG_WARN_INFINITE_RECURSION = YES;
				CLANG_WARN_INT_CONVERSION = YES;
				CLANG_WARN_NON_LITERAL_NULL_CONVERSION = YES;
				CLANG_WARN_OBJC_IMPLICIT_RETAIN_SELF = YES;
				CLANG_WARN_OBJC_LITERAL_CONVERSION = YES;
				CLANG_WARN_OBJC_ROOT_CLASS = YES_ERROR;
				CLANG_WARN_RANGE_LOOP_ANALYSIS = YES;
				CLANG_WARN_STRICT_PROTOTYPES = YES;
				CLANG_WARN_SUSPICIOUS_MOVE = YES;
				CLANG_WARN_UNGUARDED_AVAILABILITY = YES_AGGRESSIVE;
				CLANG_WARN_UNREACHABLE_CODE = YES;
				CLANG_WARN__DUPLICATE_METHOD_MATCH = YES;
				CODE_SIGN_IDENTITY = "iPhone Developer";
				COPY_PHASE_STRIP = NO;
				DEBUG_INFORMATION_FORMAT = dwarf;
				ENABLE_STRICT_OBJC_MSGSEND = YES;
				ENABLE_TESTABILITY = YES;
				GCC_C_LANGUAGE_STANDARD = gnu11;
				GCC_DYNAMIC_NO_PIC = NO;
				GCC_NO_COMMON_BLOCKS = YES;
				GCC_OPTIMIZATION_LEVEL = 0;
				GCC_PREPROCESSOR_DEFINITIONS = (
					"DEBUG=1",
					"$(inherited)",
				);
				GCC_WARN_64_TO_32_BIT_CONVERSION = YES;
				GCC_WARN_ABOUT_RETURN_TYPE = YES_ERROR;
				GCC_WARN_UNDECLARED_SELECTOR = YES;
				GCC_WARN_UNINITIALIZED_AUTOS = YES_AGGRESSIVE;
				GCC_WARN_UNUSED_FUNCTION = YES;
				GCC_WARN_UNUSED_VARIABLE = YES;
				IPHONEOS_DEPLOYMENT_TARGET = 11.3;
				MTL_ENABLE_DEBUG_INFO = YES;
				ONLY_ACTIVE_ARCH = YES;
				SDKROOT = iphoneos;
				SWIFT_ACTIVE_COMPILATION_CONDITIONS = DEBUG;
				SWIFT_OPTIMIZATION_LEVEL = "-Onone";
			};
			name = Debug;
		};
		18B1A5EF209D3D66006AA68A /* Release */ = {
			isa = XCBuildConfiguration;
			buildSettings = {
				ALWAYS_SEARCH_USER_PATHS = NO;
				CLANG_ANALYZER_NONNULL = YES;
				CLANG_ANALYZER_NUMBER_OBJECT_CONVERSION = YES_AGGRESSIVE;
				CLANG_CXX_LANGUAGE_STANDARD = "gnu++14";
				CLANG_CXX_LIBRARY = "libc++";
				CLANG_ENABLE_MODULES = YES;
				CLANG_ENABLE_OBJC_ARC = YES;
				CLANG_ENABLE_OBJC_WEAK = YES;
				CLANG_WARN_BLOCK_CAPTURE_AUTORELEASING = YES;
				CLANG_WARN_BOOL_CONVERSION = YES;
				CLANG_WARN_COMMA = YES;
				CLANG_WARN_CONSTANT_CONVERSION = YES;
				CLANG_WARN_DEPRECATED_OBJC_IMPLEMENTATIONS = YES;
				CLANG_WARN_DIRECT_OBJC_ISA_USAGE = YES_ERROR;
				CLANG_WARN_DOCUMENTATION_COMMENTS = YES;
				CLANG_WARN_EMPTY_BODY = YES;
				CLANG_WARN_ENUM_CONVERSION = YES;
				CLANG_WARN_INFINITE_RECURSION = YES;
				CLANG_WARN_INT_CONVERSION = YES;
				CLANG_WARN_NON_LITERAL_NULL_CONVERSION = YES;
				CLANG_WARN_OBJC_IMPLICIT_RETAIN_SELF = YES;
				CLANG_WARN_OBJC_LITERAL_CONVERSION = YES;
				CLANG_WARN_OBJC_ROOT_CLASS = YES_ERROR;
				CLANG_WARN_RANGE_LOOP_ANALYSIS = YES;
				CLANG_WARN_STRICT_PROTOTYPES = YES;
				CLANG_WARN_SUSPICIOUS_MOVE = YES;
				CLANG_WARN_UNGUARDED_AVAILABILITY = YES_AGGRESSIVE;
				CLANG_WARN_UNREACHABLE_CODE = YES;
				CLANG_WARN__DUPLICATE_METHOD_MATCH = YES;
				CODE_SIGN_IDENTITY = "iPhone Developer";
				COPY_PHASE_STRIP = NO;
				DEBUG_INFORMATION_FORMAT = "dwarf-with-dsym";
				ENABLE_NS_ASSERTIONS = NO;
				ENABLE_STRICT_OBJC_MSGSEND = YES;
				GCC_C_LANGUAGE_STANDARD = gnu11;
				GCC_NO_COMMON_BLOCKS = YES;
				GCC_WARN_64_TO_32_BIT_CONVERSION = YES;
				GCC_WARN_ABOUT_RETURN_TYPE = YES_ERROR;
				GCC_WARN_UNDECLARED_SELECTOR = YES;
				GCC_WARN_UNINITIALIZED_AUTOS = YES_AGGRESSIVE;
				GCC_WARN_UNUSED_FUNCTION = YES;
				GCC_WARN_UNUSED_VARIABLE = YES;
				IPHONEOS_DEPLOYMENT_TARGET = 11.3;
				MTL_ENABLE_DEBUG_INFO = NO;
				SDKROOT = iphoneos;
				SWIFT_COMPILATION_MODE = wholemodule;
				SWIFT_OPTIMIZATION_LEVEL = "-O";
				VALIDATE_PRODUCT = YES;
			};
			name = Release;
		};
		18B1A5F1209D3D66006AA68A /* Debug */ = {
			isa = XCBuildConfiguration;
			buildSettings = {
				ASSETCATALOG_COMPILER_APPICON_NAME = AppIcon;
				CODE_SIGN_STYLE = Automatic;
				INFOPLIST_FILE = "我的电子书/Info.plist";
				LD_RUNPATH_SEARCH_PATHS = (
					"$(inherited)",
					"@executable_path/Frameworks",
				);
				PRODUCT_BUNDLE_IDENTIFIER = "com.newyifenqi.-----";
				PRODUCT_NAME = "$(TARGET_NAME)";
				SWIFT_VERSION = 4.0;
				TARGETED_DEVICE_FAMILY = "1,2";
			};
			name = Debug;
		};
		18B1A5F2209D3D66006AA68A /* Release */ = {
			isa = XCBuildConfiguration;
			buildSettings = {
				ASSETCATALOG_COMPILER_APPICON_NAME = AppIcon;
				CODE_SIGN_STYLE = Automatic;
				INFOPLIST_FILE = "我的电子书/Info.plist";
				LD_RUNPATH_SEARCH_PATHS = (
					"$(inherited)",
					"@executable_path/Frameworks",
				);
				PRODUCT_BUNDLE_IDENTIFIER = "com.newyifenqi.-----";
				PRODUCT_NAME = "$(TARGET_NAME)";
				SWIFT_VERSION = 4.0;
				TARGETED_DEVICE_FAMILY = "1,2";
			};
			name = Release;
		};
		18B1A5F4209D3D66006AA68A /* Debug */ = {
			isa = XCBuildConfiguration;
			buildSettings = {
				ALWAYS_EMBED_SWIFT_STANDARD_LIBRARIES = YES;
				BUNDLE_LOADER = "$(TEST_HOST)";
				CODE_SIGN_STYLE = Automatic;
				INFOPLIST_FILE = "我的电子书Tests/Info.plist";
				LD_RUNPATH_SEARCH_PATHS = (
					"$(inherited)",
					"@executable_path/Frameworks",
					"@loader_path/Frameworks",
				);
				PRODUCT_BUNDLE_IDENTIFIER = "com.newyifenqi.-----Tests";
				PRODUCT_NAME = "$(TARGET_NAME)";
				SWIFT_VERSION = 4.0;
				TARGETED_DEVICE_FAMILY = "1,2";
				TEST_HOST = "$(BUILT_PRODUCTS_DIR)/我的电子书.app/我的电子书";
			};
			name = Debug;
		};
		18B1A5F5209D3D66006AA68A /* Release */ = {
			isa = XCBuildConfiguration;
			buildSettings = {
				ALWAYS_EMBED_SWIFT_STANDARD_LIBRARIES = YES;
				BUNDLE_LOADER = "$(TEST_HOST)";
				CODE_SIGN_STYLE = Automatic;
				INFOPLIST_FILE = "我的电子书Tests/Info.plist";
				LD_RUNPATH_SEARCH_PATHS = (
					"$(inherited)",
					"@executable_path/Frameworks",
					"@loader_path/Frameworks",
				);
				PRODUCT_BUNDLE_IDENTIFIER = "com.newyifenqi.-----Tests";
				PRODUCT_NAME = "$(TARGET_NAME)";
				SWIFT_VERSION = 4.0;
				TARGETED_DEVICE_FAMILY = "1,2";
				TEST_HOST = "$(BUILT_PRODUCTS_DIR)/我的电子书.app/我的电子书";
			};
			name = Release;
		};
		18B1A5F7209D3D66006AA68A /* Debug */ = {
			isa = XCBuildConfiguration;
			buildSettings = {
				ALWAYS_EMBED_SWIFT_STANDARD_LIBRARIES = YES;
				CODE_SIGN_STYLE = Automatic;
				INFOPLIST_FILE = "我的电子书UITests/Info.plist";
				LD_RUNPATH_SEARCH_PATHS = (
					"$(inherited)",
					"@executable_path/Frameworks",
					"@loader_path/Frameworks",
				);
				PRODUCT_BUNDLE_IDENTIFIER = "com.newyifenqi.-----UITests";
				PRODUCT_NAME = "$(TARGET_NAME)";
				SWIFT_VERSION = 4.0;
				TARGETED_DEVICE_FAMILY = "1,2";
				TEST_TARGET_NAME = "我的电子书";
			};
			name = Debug;
		};
		18B1A5F8209D3D66006AA68A /* Release */ = {
			isa = XCBuildConfiguration;
			buildSettings = {
				ALWAYS_EMBED_SWIFT_STANDARD_LIBRARIES = YES;
				CODE_SIGN_STYLE = Automatic;
				INFOPLIST_FILE = "我的电子书UITests/Info.plist";
				LD_RUNPATH_SEARCH_PATHS = (
					"$(inherited)",
					"@executable_path/Frameworks",
					"@loader_path/Frameworks",
				);
				PRODUCT_BUNDLE_IDENTIFIER = "com.newyifenqi.-----UITests";
				PRODUCT_NAME = "$(TARGET_NAME)";
				SWIFT_VERSION = 4.0;
				TARGETED_DEVICE_FAMILY = "1,2";
				TEST_TARGET_NAME = "我的电子书";
			};
			name = Release;
		};
/* End XCBuildConfiguration section */

/* Begin XCConfigurationList section */
		18B1A5C3209D3D65006AA68A /* Build configuration list for PBXProject "我的电子书" */ = {
			isa = XCConfigurationList;
			buildConfigurations = (
				18B1A5EE209D3D66006AA68A /* Debug */,
				18B1A5EF209D3D66006AA68A /* Release */,
			);
			defaultConfigurationIsVisible = 0;
			defaultConfigurationName = Release;
		};
		18B1A5F0209D3D66006AA68A /* Build configuration list for PBXNativeTarget "我的电子书" */ = {
			isa = XCConfigurationList;
			buildConfigurations = (
				18B1A5F1209D3D66006AA68A /* Debug */,
				18B1A5F2209D3D66006AA68A /* Release */,
			);
			defaultConfigurationIsVisible = 0;
			defaultConfigurationName = Release;
		};
		18B1A5F3209D3D66006AA68A /* Build configuration list for PBXNativeTarget "我的电子书Tests" */ = {
			isa = XCConfigurationList;
			buildConfigurations = (
				18B1A5F4209D3D66006AA68A /* Debug */,
				18B1A5F5209D3D66006AA68A /* Release */,
			);
			defaultConfigurationIsVisible = 0;
			defaultConfigurationName = Release;
		};
		18B1A5F6209D3D66006AA68A /* Build configuration list for PBXNativeTarget "我的电子书UITests" */ = {
			isa = XCConfigurationList;
			buildConfigurations = (
				18B1A5F7209D3D66006AA68A /* Debug */,
				18B1A5F8209D3D66006AA68A /* Release */,
			);
			defaultConfigurationIsVisible = 0;
			defaultConfigurationName = Release;
		};
/* End XCConfigurationList section */
	};
	rootObject = 18B1A5C0209D3D65006AA68A /* Project object */;
}
